
Microsoft Visual Studio Solution File, Format Version 12.00
# Visual Studio Version 17
VisualStudioVersion = 17.10.34928.147
MinimumVisualStudioVersion = 10.0.40219.1
Project("{FAE04EC0-301F-11D3-BF4B-00C04F79EFBC}") = "Atividade1", "Atividade1.csproj", "{6FA8FC97-C901-40CE-AFB7-FF7C15D87542}"
EndProject
Global
	GlobalSection(SolutionConfigurationPlatforms) = preSolution
		Debug|Any CPU = Debug|Any CPU
		Release|Any CPU = Release|Any CPU
	EndGlobalSection
	GlobalSection(ProjectConfigurationPlatforms) = postSolution
		{6FA8FC97-C901-40CE-AFB7-FF7C15D87542}.Debug|Any CPU.ActiveCfg = Debug|Any CPU
		{6FA8FC97-C901-40CE-AFB7-FF7C15D87542}.Debug|Any CPU.Build.0 = Debug|Any CPU
		{6FA8FC97-C901-40CE-AFB7-FF7C15D87542}.Release|Any CPU.ActiveCfg = Release|Any CPU
		{6FA8FC97-C901-40CE-AFB7-FF7C15D87542}.Release|Any CPU.Build.0 = Release|Any CPU
	EndGlobalSection
	GlobalSection(SolutionProperties) = preSolution
		HideSolutionNode = FALSE
	EndGlobalSection
	GlobalSection(ExtensibilityGlobals) = postSolution
		SolutionGuid = {EB2DC8B7-09C6-4C97-895D-0057DBEAD638}
	EndGlobalSection
EndGlobal
